
Microsoft Visual Studio Solution File, Format Version 12.00
# Visual Studio Version 17
VisualStudioVersion = 17.7.34221.43
MinimumVisualStudioVersion = 10.0.40219.1
Project("{9A19103F-16F7-4668-BE54-9A1E7A4F7556}") = "Threadlock", "Threadlock\Threadlock.csproj", "{4D766851-9097-42E4-8779-DAA6B3EA7BA5}"
EndProject
Project("{9A19103F-16F7-4668-BE54-9A1E7A4F7556}") = "FNA.Core", "FNA\FNA.Core.csproj", "{3AC50E3F-E674-4B63-9FD6-B7A49DFB4119}"
EndProject
Project("{9A19103F-16F7-4668-BE54-9A1E7A4F7556}") = "Nez.FNA.Core", "Nez\Nez.Portable\Nez.FNA.Core.csproj", "{2190911F-6CE4-4777-A803-D1081488BCA0}"
EndProject
Project("{9A19103F-16F7-4668-BE54-9A1E7A4F7556}") = "Nez.FNA.Core.Persistence", "Nez\Nez.Persistence\Nez.FNA.Core.Persistence.csproj", "{B0E8B5BA-0A6B-4011-9610-D60017DF18DB}"
EndProject
Project("{9A19103F-16F7-4668-BE54-9A1E7A4F7556}") = "Nez.FNA.Core.ImGui", "Nez\Nez.ImGui\Nez.FNA.Core.ImGui.csproj", "{2D15113F-695F-4892-B9C6-B33A4CCF42BD}"
EndProject
Global
	GlobalSection(SolutionConfigurationPlatforms) = preSolution
		Debug|Any CPU = Debug|Any CPU
		Debug|x64 = Debug|x64
		Release|Any CPU = Release|Any CPU
		Release|x64 = Release|x64
	EndGlobalSection
	GlobalSection(ProjectConfigurationPlatforms) = postSolution
		{4D766851-9097-42E4-8779-DAA6B3EA7BA5}.Debug|Any CPU.ActiveCfg = Debug|Any CPU
		{4D766851-9097-42E4-8779-DAA6B3EA7BA5}.Debug|Any CPU.Build.0 = Debug|Any CPU
		{4D766851-9097-42E4-8779-DAA6B3EA7BA5}.Debug|x64.ActiveCfg = Debug|x64
		{4D766851-9097-42E4-8779-DAA6B3EA7BA5}.Debug|x64.Build.0 = Debug|x64
		{4D766851-9097-42E4-8779-DAA6B3EA7BA5}.Release|Any CPU.ActiveCfg = Release|Any CPU
		{4D766851-9097-42E4-8779-DAA6B3EA7BA5}.Release|Any CPU.Build.0 = Release|Any CPU
		{4D766851-9097-42E4-8779-DAA6B3EA7BA5}.Release|x64.ActiveCfg = Release|x64
		{4D766851-9097-42E4-8779-DAA6B3EA7BA5}.Release|x64.Build.0 = Release|x64
		{3AC50E3F-E674-4B63-9FD6-B7A49DFB4119}.Debug|Any CPU.ActiveCfg = Debug|Any CPU
		{3AC50E3F-E674-4B63-9FD6-B7A49DFB4119}.Debug|Any CPU.Build.0 = Debug|Any CPU
		{3AC50E3F-E674-4B63-9FD6-B7A49DFB4119}.Debug|x64.ActiveCfg = Debug|Any CPU
		{3AC50E3F-E674-4B63-9FD6-B7A49DFB4119}.Debug|x64.Build.0 = Debug|Any CPU
		{3AC50E3F-E674-4B63-9FD6-B7A49DFB4119}.Release|Any CPU.ActiveCfg = Release|Any CPU
		{3AC50E3F-E674-4B63-9FD6-B7A49DFB4119}.Release|Any CPU.Build.0 = Release|Any CPU
		{3AC50E3F-E674-4B63-9FD6-B7A49DFB4119}.Release|x64.ActiveCfg = Release|Any CPU
		{3AC50E3F-E674-4B63-9FD6-B7A49DFB4119}.Release|x64.Build.0 = Release|Any CPU
		{2190911F-6CE4-4777-A803-D1081488BCA0}.Debug|Any CPU.ActiveCfg = Debug|Any CPU
		{2190911F-6CE4-4777-A803-D1081488BCA0}.Debug|Any CPU.Build.0 = Debug|Any CPU
		{2190911F-6CE4-4777-A803-D1081488BCA0}.Debug|x64.ActiveCfg = Debug|Any CPU
		{2190911F-6CE4-4777-A803-D1081488BCA0}.Debug|x64.Build.0 = Debug|Any CPU
		{2190911F-6CE4-4777-A803-D1081488BCA0}.Release|Any CPU.ActiveCfg = Release|Any CPU
		{2190911F-6CE4-4777-A803-D1081488BCA0}.Release|Any CPU.Build.0 = Release|Any CPU
		{2190911F-6CE4-4777-A803-D1081488BCA0}.Release|x64.ActiveCfg = Release|Any CPU
		{2190911F-6CE4-4777-A803-D1081488BCA0}.Release|x64.Build.0 = Release|Any CPU
		{B0E8B5BA-0A6B-4011-9610-D60017DF18DB}.Debug|Any CPU.ActiveCfg = Debug|Any CPU
		{B0E8B5BA-0A6B-4011-9610-D60017DF18DB}.Debug|Any CPU.Build.0 = Debug|Any CPU
		{B0E8B5BA-0A6B-4011-9610-D60017DF18DB}.Debug|x64.ActiveCfg = Debug|Any CPU
		{B0E8B5BA-0A6B-4011-9610-D60017DF18DB}.Debug|x64.Build.0 = Debug|Any CPU
		{B0E8B5BA-0A6B-4011-9610-D60017DF18DB}.Release|Any CPU.ActiveCfg = Release|Any CPU
		{B0E8B5BA-0A6B-4011-9610-D60017DF18DB}.Release|Any CPU.Build.0 = Release|Any CPU
		{B0E8B5BA-0A6B-4011-9610-D60017DF18DB}.Release|x64.ActiveCfg = Release|Any CPU
		{B0E8B5BA-0A6B-4011-9610-D60017DF18DB}.Release|x64.Build.0 = Release|Any CPU
		{2D15113F-695F-4892-B9C6-B33A4CCF42BD}.Debug|Any CPU.ActiveCfg = Debug|Any CPU
		{2D15113F-695F-4892-B9C6-B33A4CCF42BD}.Debug|Any CPU.Build.0 = Debug|Any CPU
		{2D15113F-695F-4892-B9C6-B33A4CCF42BD}.Debug|x64.ActiveCfg = Debug|Any CPU
		{2D15113F-695F-4892-B9C6-B33A4CCF42BD}.Debug|x64.Build.0 = Debug|Any CPU
		{2D15113F-695F-4892-B9C6-B33A4CCF42BD}.Release|Any CPU.ActiveCfg = Release|Any CPU
		{2D15113F-695F-4892-B9C6-B33A4CCF42BD}.Release|Any CPU.Build.0 = Release|Any CPU
		{2D15113F-695F-4892-B9C6-B33A4CCF42BD}.Release|x64.ActiveCfg = Release|Any CPU
		{2D15113F-695F-4892-B9C6-B33A4CCF42BD}.Release|x64.Build.0 = Release|Any CPU
	EndGlobalSection
	GlobalSection(SolutionProperties) = preSolution
		HideSolutionNode = FALSE
	EndGlobalSection
	GlobalSection(ExtensibilityGlobals) = postSolution
		SolutionGuid = {584A443B-A692-46B7-B72A-E39D9B4C6E22}
	EndGlobalSection
EndGlobal
