
Microsoft Visual Studio Solution File, Format Version 12.00
# Visual Studio Version 17
VisualStudioVersion = 17.7.34221.43
MinimumVisualStudioVersion = 10.0.40219.1
Project("{9A19103F-16F7-4668-BE54-9A1E7A4F7556}") = "Threadlock", "Threadlock\Threadlock.csproj", "{4D766851-9097-42E4-8779-DAA6B3EA7BA5}"
EndProject
Project("{9A19103F-16F7-4668-BE54-9A1E7A4F7556}") = "Nez.FNA", "Nez\Nez.Portable\Nez.FNA.csproj", "{4F86DDE3-9C05-4666-809F-D2CE21F66BD3}"
EndProject
Project("{9A19103F-16F7-4668-BE54-9A1E7A4F7556}") = "FNA.Core", "FNA\FNA.Core.csproj", "{3AC50E3F-E674-4B63-9FD6-B7A49DFB4119}"
EndProject
Global
	GlobalSection(SolutionConfigurationPlatforms) = preSolution
		Debug|Any CPU = Debug|Any CPU
		Release|Any CPU = Release|Any CPU
	EndGlobalSection
	GlobalSection(ProjectConfigurationPlatforms) = postSolution
		{4D766851-9097-42E4-8779-DAA6B3EA7BA5}.Debug|Any CPU.ActiveCfg = Debug|Any CPU
		{4D766851-9097-42E4-8779-DAA6B3EA7BA5}.Debug|Any CPU.Build.0 = Debug|Any CPU
		{4D766851-9097-42E4-8779-DAA6B3EA7BA5}.Release|Any CPU.ActiveCfg = Release|Any CPU
		{4D766851-9097-42E4-8779-DAA6B3EA7BA5}.Release|Any CPU.Build.0 = Release|Any CPU
		{4F86DDE3-9C05-4666-809F-D2CE21F66BD3}.Debug|Any CPU.ActiveCfg = Debug|Any CPU
		{4F86DDE3-9C05-4666-809F-D2CE21F66BD3}.Debug|Any CPU.Build.0 = Debug|Any CPU
		{4F86DDE3-9C05-4666-809F-D2CE21F66BD3}.Release|Any CPU.ActiveCfg = Release|Any CPU
		{4F86DDE3-9C05-4666-809F-D2CE21F66BD3}.Release|Any CPU.Build.0 = Release|Any CPU
		{3AC50E3F-E674-4B63-9FD6-B7A49DFB4119}.Debug|Any CPU.ActiveCfg = Debug|x64
		{3AC50E3F-E674-4B63-9FD6-B7A49DFB4119}.Debug|Any CPU.Build.0 = Debug|x64
		{3AC50E3F-E674-4B63-9FD6-B7A49DFB4119}.Release|Any CPU.ActiveCfg = Release|Any CPU
		{3AC50E3F-E674-4B63-9FD6-B7A49DFB4119}.Release|Any CPU.Build.0 = Release|Any CPU
	EndGlobalSection
	GlobalSection(SolutionProperties) = preSolution
		HideSolutionNode = FALSE
	EndGlobalSection
	GlobalSection(ExtensibilityGlobals) = postSolution
		SolutionGuid = {584A443B-A692-46B7-B72A-E39D9B4C6E22}
	EndGlobalSection
EndGlobal
